// !$*UTF8*$!
{
	archiveVersion = 1;
	classes = {
	};
	objectVersion = 55;
	objects = {

/* Begin PBXBuildFile section */
		45FC8C11B7AB8D9BDE497708 /* Pods_Side_Menu.framework in Frameworks */ = {isa = PBXBuildFile; fileRef = 657924B8802B5C9388743620 /* Pods_Side_Menu.framework */; };
		CFA8AF3727886EBA001AF8FB /* AppDelegate.swift in Sources */ = {isa = PBXBuildFile; fileRef = CFA8AF3627886EBA001AF8FB /* AppDelegate.swift */; };
		CFA8AF3927886EBA001AF8FB /* SceneDelegate.swift in Sources */ = {isa = PBXBuildFile; fileRef = CFA8AF3827886EBA001AF8FB /* SceneDelegate.swift */; };
		CFA8AF3B27886EBA001AF8FB /* ViewController.swift in Sources */ = {isa = PBXBuildFile; fileRef = CFA8AF3A27886EBA001AF8FB /* ViewController.swift */; };
		CFA8AF3E27886EBA001AF8FB /* Main.storyboard in Resources */ = {isa = PBXBuildFile; fileRef = CFA8AF3C27886EBA001AF8FB /* Main.storyboard */; };
		CFA8AF4027886EBE001AF8FB /* Assets.xcassets in Resources */ = {isa = PBXBuildFile; fileRef = CFA8AF3F27886EBE001AF8FB /* Assets.xcassets */; };
		CFA8AF4327886EBE001AF8FB /* LaunchScreen.storyboard in Resources */ = {isa = PBXBuildFile; fileRef = CFA8AF4127886EBE001AF8FB /* LaunchScreen.storyboard */; };
/* End PBXBuildFile section */

/* Begin PBXFileReference section */
		07532DF738638DCABE23F2ED /* Pods-Side-Menu.debug.xcconfig */ = {isa = PBXFileReference; includeInIndex = 1; lastKnownFileType = text.xcconfig; name = "Pods-Side-Menu.debug.xcconfig"; path = "Target Support Files/Pods-Side-Menu/Pods-Side-Menu.debug.xcconfig"; sourceTree = "<group>"; };
		1103BAA9259D3C89E1A73937 /* Pods-Side-Menu.release.xcconfig */ = {isa = PBXFileReference; includeInIndex = 1; lastKnownFileType = text.xcconfig; name = "Pods-Side-Menu.release.xcconfig"; path = "Target Support Files/Pods-Side-Menu/Pods-Side-Menu.release.xcconfig"; sourceTree = "<group>"; };
		657924B8802B5C9388743620 /* Pods_Side_Menu.framework */ = {isa = PBXFileReference; explicitFileType = wrapper.framework; includeInIndex = 0; path = Pods_Side_Menu.framework; sourceTree = BUILT_PRODUCTS_DIR; };
		CFA8AF3327886EBA001AF8FB /* Side-Menu.app */ = {isa = PBXFileReference; explicitFileType = wrapper.application; includeInIndex = 0; path = "Side-Menu.app"; sourceTree = BUILT_PRODUCTS_DIR; };
		CFA8AF3627886EBA001AF8FB /* AppDelegate.swift */ = {isa = PBXFileReference; lastKnownFileType = sourcecode.swift; path = AppDelegate.swift; sourceTree = "<group>"; };
		CFA8AF3827886EBA001AF8FB /* SceneDelegate.swift */ = {isa = PBXFileReference; lastKnownFileType = sourcecode.swift; path = SceneDelegate.swift; sourceTree = "<group>"; };
		CFA8AF3A27886EBA001AF8FB /* ViewController.swift */ = {isa = PBXFileReference; lastKnownFileType = sourcecode.swift; path = ViewController.swift; sourceTree = "<group>"; };
		CFA8AF3D27886EBA001AF8FB /* Base */ = {isa = PBXFileReference; lastKnownFileType = file.storyboard; name = Base; path = Base.lproj/Main.storyboard; sourceTree = "<group>"; };
		CFA8AF3F27886EBE001AF8FB /* Assets.xcassets */ = {isa = PBXFileReference; lastKnownFileType = folder.assetcatalog; path = Assets.xcassets; sourceTree = "<group>"; };
		CFA8AF4227886EBE001AF8FB /* Base */ = {isa = PBXFileReference; lastKnownFileType = file.storyboard; name = Base; path = Base.lproj/LaunchScreen.storyboard; sourceTree = "<group>"; };
		CFA8AF4427886EBE001AF8FB /* Info.plist */ = {isa = PBXFileReference; lastKnownFileType = text.plist.xml; path = Info.plist; sourceTree = "<group>"; };
/* End PBXFileReference section */

/* Begin PBXFrameworksBuildPhase section */
		CFA8AF3027886EBA001AF8FB /* Frameworks */ = {
			isa = PBXFrameworksBuildPhase;
			buildActionMask = 2147483647;
			files = (
				45FC8C11B7AB8D9BDE497708 /* Pods_Side_Menu.framework in Frameworks */,
			);
			runOnlyForDeploymentPostprocessing = 0;
		};
/* End PBXFrameworksBuildPhase section */

/* Begin PBXGroup section */
		0AD22296466DB6D7CACD04C8 /* Frameworks */ = {
			isa = PBXGroup;
			children = (
				657924B8802B5C9388743620 /* Pods_Side_Menu.framework */,
			);
			name = Frameworks;
			sourceTree = "<group>";
		};
		CFA8AF2A27886EBA001AF8FB = {
			isa = PBXGroup;
			children = (
				CFA8AF3527886EBA001AF8FB /* Side-Menu */,
				CFA8AF3427886EBA001AF8FB /* Products */,
				E3DE36B0CA88D1BED7666907 /* Pods */,
				0AD22296466DB6D7CACD04C8 /* Frameworks */,
			);
			sourceTree = "<group>";
		};
		CFA8AF3427886EBA001AF8FB /* Products */ = {
			isa = PBXGroup;
			children = (
				CFA8AF3327886EBA001AF8FB /* Side-Menu.app */,
			);
			name = Products;
			sourceTree = "<group>";
		};
		CFA8AF3527886EBA001AF8FB /* Side-Menu */ = {
			isa = PBXGroup;
			children = (
				CFA8AF3627886EBA001AF8FB /* AppDelegate.swift */,
				CFA8AF3827886EBA001AF8FB /* SceneDelegate.swift */,
				CFA8AF3A27886EBA001AF8FB /* ViewController.swift */,
				CFA8AF3C27886EBA001AF8FB /* Main.storyboard */,
				CFA8AF3F27886EBE001AF8FB /* Assets.xcassets */,
				CFA8AF4127886EBE001AF8FB /* LaunchScreen.storyboard */,
				CFA8AF4427886EBE001AF8FB /* Info.plist */,
			);
			path = "Side-Menu";
			sourceTree = "<group>";
		};
		E3DE36B0CA88D1BED7666907 /* Pods */ = {
			isa = PBXGroup;
			children = (
				07532DF738638DCABE23F2ED /* Pods-Side-Menu.debug.xcconfig */,
				1103BAA9259D3C89E1A73937 /* Pods-Side-Menu.release.xcconfig */,
			);
			name = Pods;
			path = Pods;
			sourceTree = "<group>";
		};
/* End PBXGroup section */

/* Begin PBXNativeTarget section */
		CFA8AF3227886EBA001AF8FB /* Side-Menu */ = {
			isa = PBXNativeTarget;
			buildConfigurationList = CFA8AF4727886EBE001AF8FB /* Build configuration list for PBXNativeTarget "Side-Menu" */;
			buildPhases = (
				A8633998C7FA2124B64BCDB7 /* [CP] Check Pods Manifest.lock */,
				CFA8AF2F27886EBA001AF8FB /* Sources */,
				CFA8AF3027886EBA001AF8FB /* Frameworks */,
				CFA8AF3127886EBA001AF8FB /* Resources */,
				2DCCD890F07A50AFE545BAD8 /* [CP] Embed Pods Frameworks */,
			);
			buildRules = (
			);
			dependencies = (
			);
			name = "Side-Menu";
			productName = "Side-Menu";
			productReference = CFA8AF3327886EBA001AF8FB /* Side-Menu.app */;
			productType = "com.apple.product-type.application";
		};
/* End PBXNativeTarget section */

/* Begin PBXProject section */
		CFA8AF2B27886EBA001AF8FB /* Project object */ = {
			isa = PBXProject;
			attributes = {
				BuildIndependentTargetsInParallel = 1;
				LastSwiftUpdateCheck = 1320;
				LastUpgradeCheck = 1320;
				TargetAttributes = {
					CFA8AF3227886EBA001AF8FB = {
						CreatedOnToolsVersion = 13.2;
					};
				};
			};
			buildConfigurationList = CFA8AF2E27886EBA001AF8FB /* Build configuration list for PBXProject "Side-Menu" */;
			compatibilityVersion = "Xcode 13.0";
			developmentRegion = en;
			hasScannedForEncodings = 0;
			knownRegions = (
				en,
				Base,
			);
			mainGroup = CFA8AF2A27886EBA001AF8FB;
			productRefGroup = CFA8AF3427886EBA001AF8FB /* Products */;
			projectDirPath = "";
			projectRoot = "";
			targets = (
				CFA8AF3227886EBA001AF8FB /* Side-Menu */,
			);
		};
/* End PBXProject section */

/* Begin PBXResourcesBuildPhase section */
		CFA8AF3127886EBA001AF8FB /* Resources */ = {
			isa = PBXResourcesBuildPhase;
			buildActionMask = 2147483647;
			files = (
				CFA8AF4327886EBE001AF8FB /* LaunchScreen.storyboard in Resources */,
				CFA8AF4027886EBE001AF8FB /* Assets.xcassets in Resources */,
				CFA8AF3E27886EBA001AF8FB /* Main.storyboard in Resources */,
			);
			runOnlyForDeploymentPostprocessing = 0;
		};
/* End PBXResourcesBuildPhase section */

/* Begin PBXShellScriptBuildPhase section */
		2DCCD890F07A50AFE545BAD8 /* [CP] Embed Pods Frameworks */ = {
			isa = PBXShellScriptBuildPhase;
			buildActionMask = 2147483647;
			files = (
			);
			inputFileListPaths = (
				"${PODS_ROOT}/Target Support Files/Pods-Side-Menu/Pods-Side-Menu-frameworks-${CONFIGURATION}-input-files.xcfilelist",
			);
			name = "[CP] Embed Pods Frameworks";
			outputFileListPaths = (
				"${PODS_ROOT}/Target Support Files/Pods-Side-Menu/Pods-Side-Menu-frameworks-${CONFIGURATION}-output-files.xcfilelist",
			);
			runOnlyForDeploymentPostprocessing = 0;
			shellPath = /bin/sh;
			shellScript = "\"${PODS_ROOT}/Target Support Files/Pods-Side-Menu/Pods-Side-Menu-frameworks.sh\"\n";
			showEnvVarsInLog = 0;
		};
		A8633998C7FA2124B64BCDB7 /* [CP] Check Pods Manifest.lock */ = {
			isa = PBXShellScriptBuildPhase;
			buildActionMask = 2147483647;
			files = (
			);
			inputFileListPaths = (
			);
			inputPaths = (
				"${PODS_PODFILE_DIR_PATH}/Podfile.lock",
				"${PODS_ROOT}/Manifest.lock",
			);
			name = "[CP] Check Pods Manifest.lock";
			outputFileListPaths = (
			);
			outputPaths = (
				"$(DERIVED_FILE_DIR)/Pods-Side-Menu-checkManifestLockResult.txt",
			);
			runOnlyForDeploymentPostprocessing = 0;
			shellPath = /bin/sh;
			shellScript = "diff \"${PODS_PODFILE_DIR_PATH}/Podfile.lock\" \"${PODS_ROOT}/Manifest.lock\" > /dev/null\nif [ $? != 0 ] ; then\n    # print error to STDERR\n    echo \"error: The sandbox is not in sync with the Podfile.lock. Run 'pod install' or update your CocoaPods installation.\" >&2\n    exit 1\nfi\n# This output is used by Xcode 'outputs' to avoid re-running this script phase.\necho \"SUCCESS\" > \"${SCRIPT_OUTPUT_FILE_0}\"\n";
			showEnvVarsInLog = 0;
		};
/* End PBXShellScriptBuildPhase section */

/* Begin PBXSourcesBuildPhase section */
		CFA8AF2F27886EBA001AF8FB /* Sources */ = {
			isa = PBXSourcesBuildPhase;
			buildActionMask = 2147483647;
			files = (
				CFA8AF3B27886EBA001AF8FB /* ViewController.swift in Sources */,
				CFA8AF3727886EBA001AF8FB /* AppDelegate.swift in Sources */,
				CFA8AF3927886EBA001AF8FB /* SceneDelegate.swift in Sources */,
			);
			runOnlyForDeploymentPostprocessing = 0;
		};
/* End PBXSourcesBuildPhase section */

/* Begin PBXVariantGroup section */
		CFA8AF3C27886EBA001AF8FB /* Main.storyboard */ = {
			isa = PBXVariantGroup;
			children = (
				CFA8AF3D27886EBA001AF8FB /* Base */,
			);
			name = Main.storyboard;
			sourceTree = "<group>";
		};
		CFA8AF4127886EBE001AF8FB /* LaunchScreen.storyboard */ = {
			isa = PBXVariantGroup;
			children = (
				CFA8AF4227886EBE001AF8FB /* Base */,
			);
			name = LaunchScreen.storyboard;
			sourceTree = "<group>";
		};
/* End PBXVariantGroup section */

/* Begin XCBuildConfiguration section */
		CFA8AF4527886EBE001AF8FB /* Debug */ = {
			isa = XCBuildConfiguration;
			buildSettings = {
				ALWAYS_SEARCH_USER_PATHS = NO;
				CLANG_ANALYZER_NONNULL = YES;
				CLANG_ANALYZER_NUMBER_OBJECT_CONVERSION = YES_AGGRESSIVE;
				CLANG_CXX_LANGUAGE_STANDARD = "gnu++17";
				CLANG_CXX_LIBRARY = "libc++";
				CLANG_ENABLE_MODULES = YES;
				CLANG_ENABLE_OBJC_ARC = YES;
				CLANG_ENABLE_OBJC_WEAK = YES;
				CLANG_WARN_BLOCK_CAPTURE_AUTORELEASING = YES;
				CLANG_WARN_BOOL_CONVERSION = YES;
				CLANG_WARN_COMMA = YES;
				CLANG_WARN_CONSTANT_CONVERSION = YES;
				CLANG_WARN_DEPRECATED_OBJC_IMPLEMENTATIONS = YES;
				CLANG_WARN_DIRECT_OBJC_ISA_USAGE = YES_ERROR;
				CLANG_WARN_DOCUMENTATION_COMMENTS = YES;
				CLANG_WARN_EMPTY_BODY = YES;
				CLANG_WARN_ENUM_CONVERSION = YES;
				CLANG_WARN_INFINITE_RECURSION = YES;
				CLANG_WARN_INT_CONVERSION = YES;
				CLANG_WARN_NON_LITERAL_NULL_CONVERSION = YES;
				CLANG_WARN_OBJC_IMPLICIT_RETAIN_SELF = YES;
				CLANG_WARN_OBJC_LITERAL_CONVERSION = YES;
				CLANG_WARN_OBJC_ROOT_CLASS = YES_ERROR;
				CLANG_WARN_QUOTED_INCLUDE_IN_FRAMEWORK_HEADER = YES;
				CLANG_WARN_RANGE_LOOP_ANALYSIS = YES;
				CLANG_WARN_STRICT_PROTOTYPES = YES;
				CLANG_WARN_SUSPICIOUS_MOVE = YES;
				CLANG_WARN_UNGUARDED_AVAILABILITY = YES_AGGRESSIVE;
				CLANG_WARN_UNREACHABLE_CODE = YES;
				CLANG_WARN__DUPLICATE_METHOD_MATCH = YES;
				COPY_PHASE_STRIP = NO;
				DEBUG_INFORMATION_FORMAT = dwarf;
				ENABLE_STRICT_OBJC_MSGSEND = YES;
				ENABLE_TESTABILITY = YES;
				GCC_C_LANGUAGE_STANDARD = gnu11;
				GCC_DYNAMIC_NO_PIC = NO;
				GCC_NO_COMMON_BLOCKS = YES;
				GCC_OPTIMIZATION_LEVEL = 0;
				GCC_PREPROCESSOR_DEFINITIONS = (
					"DEBUG=1",
					"$(inherited)",
				);
				GCC_WARN_64_TO_32_BIT_CONVERSION = YES;
				GCC_WARN_ABOUT_RETURN_TYPE = YES_ERROR;
				GCC_WARN_UNDECLARED_SELECTOR = YES;
				GCC_WARN_UNINITIALIZED_AUTOS = YES_AGGRESSIVE;
				GCC_WARN_UNUSED_FUNCTION = YES;
				GCC_WARN_UNUSED_VARIABLE = YES;
				IPHONEOS_DEPLOYMENT_TARGET = 15.2;
				MTL_ENABLE_DEBUG_INFO = INCLUDE_SOURCE;
				MTL_FAST_MATH = YES;
				ONLY_ACTIVE_ARCH = YES;
				SDKROOT = iphoneos;
				SWIFT_ACTIVE_COMPILATION_CONDITIONS = DEBUG;
				SWIFT_OPTIMIZATION_LEVEL = "-Onone";
			};
			name = Debug;
		};
		CFA8AF4627886EBE001AF8FB /* Release */ = {
			isa = XCBuildConfiguration;
			buildSettings = {
				ALWAYS_SEARCH_USER_PATHS = NO;
				CLANG_ANALYZER_NONNULL = YES;
				CLANG_ANALYZER_NUMBER_OBJECT_CONVERSION = YES_AGGRESSIVE;
				CLANG_CXX_LANGUAGE_STANDARD = "gnu++17";
				CLANG_CXX_LIBRARY = "libc++";
				CLANG_ENABLE_MODULES = YES;
				CLANG_ENABLE_OBJC_ARC = YES;
				CLANG_ENABLE_OBJC_WEAK = YES;
				CLANG_WARN_BLOCK_CAPTURE_AUTORELEASING = YES;
				CLANG_WARN_BOOL_CONVERSION = YES;
				CLANG_WARN_COMMA = YES;
				CLANG_WARN_CONSTANT_CONVERSION = YES;
				CLANG_WARN_DEPRECATED_OBJC_IMPLEMENTATIONS = YES;
				CLANG_WARN_DIRECT_OBJC_ISA_USAGE = YES_ERROR;
				CLANG_WARN_DOCUMENTATION_COMMENTS = YES;
				CLANG_WARN_EMPTY_BODY = YES;
				CLANG_WARN_ENUM_CONVERSION = YES;
				CLANG_WARN_INFINITE_RECURSION = YES;
				CLANG_WARN_INT_CONVERSION = YES;
				CLANG_WARN_NON_LITERAL_NULL_CONVERSION = YES;
				CLANG_WARN_OBJC_IMPLICIT_RETAIN_SELF = YES;
				CLANG_WARN_OBJC_LITERAL_CONVERSION = YES;
				CLANG_WARN_OBJC_ROOT_CLASS = YES_ERROR;
				CLANG_WARN_QUOTED_INCLUDE_IN_FRAMEWORK_HEADER = YES;
				CLANG_WARN_RANGE_LOOP_ANALYSIS = YES;
				CLANG_WARN_STRICT_PROTOTYPES = YES;
				CLANG_WARN_SUSPICIOUS_MOVE = YES;
				CLANG_WARN_UNGUARDED_AVAILABILITY = YES_AGGRESSIVE;
				CLANG_WARN_UNREACHABLE_CODE = YES;
				CLANG_WARN__DUPLICATE_METHOD_MATCH = YES;
				COPY_PHASE_STRIP = NO;
				DEBUG_INFORMATION_FORMAT = "dwarf-with-dsym";
				ENABLE_NS_ASSERTIONS = NO;
				ENABLE_STRICT_OBJC_MSGSEND = YES;
				GCC_C_LANGUAGE_STANDARD = gnu11;
				GCC_NO_COMMON_BLOCKS = YES;
				GCC_WARN_64_TO_32_BIT_CONVERSION = YES;
				GCC_WARN_ABOUT_RETURN_TYPE = YES_ERROR;
				GCC_WARN_UNDECLARED_SELECTOR = YES;
				GCC_WARN_UNINITIALIZED_AUTOS = YES_AGGRESSIVE;
				GCC_WARN_UNUSED_FUNCTION = YES;
				GCC_WARN_UNUSED_VARIABLE = YES;
				IPHONEOS_DEPLOYMENT_TARGET = 15.2;
				MTL_ENABLE_DEBUG_INFO = NO;
				MTL_FAST_MATH = YES;
				SDKROOT = iphoneos;
				SWIFT_COMPILATION_MODE = wholemodule;
				SWIFT_OPTIMIZATION_LEVEL = "-O";
				VALIDATE_PRODUCT = YES;
			};
			name = Release;
		};
		CFA8AF4827886EBE001AF8FB /* Debug */ = {
			isa = XCBuildConfiguration;
			baseConfigurationReference = 07532DF738638DCABE23F2ED /* Pods-Side-Menu.debug.xcconfig */;
			buildSettings = {
				ASSETCATALOG_COMPILER_APPICON_NAME = AppIcon;
				ASSETCATALOG_COMPILER_GLOBAL_ACCENT_COLOR_NAME = AccentColor;
				CODE_SIGN_STYLE = Automatic;
				CURRENT_PROJECT_VERSION = 1;
				DEVELOPMENT_TEAM = 44D9VBZ625;
				GENERATE_INFOPLIST_FILE = YES;
				INFOPLIST_FILE = "Side-Menu/Info.plist";
				INFOPLIST_KEY_UIApplicationSupportsIndirectInputEvents = YES;
				INFOPLIST_KEY_UILaunchStoryboardName = LaunchScreen;
				INFOPLIST_KEY_UIMainStoryboardFile = Main;
				INFOPLIST_KEY_UISupportedInterfaceOrientations_iPad = "UIInterfaceOrientationPortrait UIInterfaceOrientationPortraitUpsideDown UIInterfaceOrientationLandscapeLeft UIInterfaceOrientationLandscapeRight";
				INFOPLIST_KEY_UISupportedInterfaceOrientations_iPhone = "UIInterfaceOrientationPortrait UIInterfaceOrientationLandscapeLeft UIInterfaceOrientationLandscapeRight";
				LD_RUNPATH_SEARCH_PATHS = (
					"$(inherited)",
					"@executable_path/Frameworks",
				);
				MARKETING_VERSION = 1.0;
				PRODUCT_BUNDLE_IDENTIFIER = "com.aliimran.Side-Menu";
				PRODUCT_NAME = "$(TARGET_NAME)";
				SWIFT_EMIT_LOC_STRINGS = YES;
				SWIFT_VERSION = 5.0;
				TARGETED_DEVICE_FAMILY = "1,2";
			};
			name = Debug;
		};
		CFA8AF4927886EBE001AF8FB /* Release */ = {
			isa = XCBuildConfiguration;
			baseConfigurationReference = 1103BAA9259D3C89E1A73937 /* Pods-Side-Menu.release.xcconfig */;
			buildSettings = {
				ASSETCATALOG_COMPILER_APPICON_NAME = AppIcon;
				ASSETCATALOG_COMPILER_GLOBAL_ACCENT_COLOR_NAME = AccentColor;
				CODE_SIGN_STYLE = Automatic;
				CURRENT_PROJECT_VERSION = 1;
				DEVELOPMENT_TEAM = 44D9VBZ625;
				GENERATE_INFOPLIST_FILE = YES;
				INFOPLIST_FILE = "Side-Menu/Info.plist";
				INFOPLIST_KEY_UIApplicationSupportsIndirectInputEvents = YES;
				INFOPLIST_KEY_UILaunchStoryboardName = LaunchScreen;
				INFOPLIST_KEY_UIMainStoryboardFile = Main;
				INFOPLIST_KEY_UISupportedInterfaceOrientations_iPad = "UIInterfaceOrientationPortrait UIInterfaceOrientationPortraitUpsideDown UIInterfaceOrientationLandscapeLeft UIInterfaceOrientationLandscapeRight";
				INFOPLIST_KEY_UISupportedInterfaceOrientations_iPhone = "UIInterfaceOrientationPortrait UIInterfaceOrientationLandscapeLeft UIInterfaceOrientationLandscapeRight";
				LD_RUNPATH_SEARCH_PATHS = (
					"$(inherited)",
					"@executable_path/Frameworks",
				);
				MARKETING_VERSION = 1.0;
				PRODUCT_BUNDLE_IDENTIFIER = "com.aliimran.Side-Menu";
				PRODUCT_NAME = "$(TARGET_NAME)";
				SWIFT_EMIT_LOC_STRINGS = YES;
				SWIFT_VERSION = 5.0;
				TARGETED_DEVICE_FAMILY = "1,2";
			};
			name = Release;
		};
/* End XCBuildConfiguration section */

/* Begin XCConfigurationList section */
		CFA8AF2E27886EBA001AF8FB /* Build configuration list for PBXProject "Side-Menu" */ = {
			isa = XCConfigurationList;
			buildConfigurations = (
				CFA8AF4527886EBE001AF8FB /* Debug */,
				CFA8AF4627886EBE001AF8FB /* Release */,
			);
			defaultConfigurationIsVisible = 0;
			defaultConfigurationName = Release;
		};
		CFA8AF4727886EBE001AF8FB /* Build configuration list for PBXNativeTarget "Side-Menu" */ = {
			isa = XCConfigurationList;
			buildConfigurations = (
				CFA8AF4827886EBE001AF8FB /* Debug */,
				CFA8AF4927886EBE001AF8FB /* Release */,
			);
			defaultConfigurationIsVisible = 0;
			defaultConfigurationName = Release;
		};
/* End XCConfigurationList section */
	};
	rootObject = CFA8AF2B27886EBA001AF8FB /* Project object */;
}
